// !$*UTF8*$!
{
	archiveVersion = 1;
	classes = {
	};
	objectVersion = 51;
	objects = {

/* Begin PBXBuildFile section */
		1EF913546C897936ED2DA3F0 /* Pods_D_M_K_G_Dissanayake_COBSCCOMP191P_007_D_M_K_G_Dissanayake_COBSCCOMP191P_007UITests.framework in Frameworks */ = {isa = PBXBuildFile; fileRef = 4337E23E4455951E33767FBE /* Pods_D_M_K_G_Dissanayake_COBSCCOMP191P_007_D_M_K_G_Dissanayake_COBSCCOMP191P_007UITests.framework */; };
		40442DE30A13387698045BA1 /* Pods_D_M_K_G_Dissanayake_COBSCCOMP191P_007.framework in Frameworks */ = {isa = PBXBuildFile; fileRef = 06FE69445BB1E9F500EDCB09 /* Pods_D_M_K_G_Dissanayake_COBSCCOMP191P_007.framework */; };
		831A22C0D24D349F1AB6BF30 /* Pods_D_M_K_G_Dissanayake_COBSCCOMP191P_007Tests.framework in Frameworks */ = {isa = PBXBuildFile; fileRef = E4FEF93F1F596D719D22402B /* Pods_D_M_K_G_Dissanayake_COBSCCOMP191P_007Tests.framework */; };
		83647AE025132CF30053081C /* AppDelegate.swift in Sources */ = {isa = PBXBuildFile; fileRef = 83647ADF25132CF30053081C /* AppDelegate.swift */; };
		83647AE225132CF30053081C /* SceneDelegate.swift in Sources */ = {isa = PBXBuildFile; fileRef = 83647AE125132CF30053081C /* SceneDelegate.swift */; };
		83647AE425132CF30053081C /* ViewController.swift in Sources */ = {isa = PBXBuildFile; fileRef = 83647AE325132CF30053081C /* ViewController.swift */; };
		83647AE725132CF30053081C /* Main.storyboard in Resources */ = {isa = PBXBuildFile; fileRef = 83647AE525132CF30053081C /* Main.storyboard */; };
		83647AEA25132CF30053081C /* D_M_K_G_Dissanayake_COBSCCOMP191P_007.xcdatamodeld in Sources */ = {isa = PBXBuildFile; fileRef = 83647AE825132CF30053081C /* D_M_K_G_Dissanayake_COBSCCOMP191P_007.xcdatamodeld */; };
		83647AEC25132CF50053081C /* Assets.xcassets in Resources */ = {isa = PBXBuildFile; fileRef = 83647AEB25132CF50053081C /* Assets.xcassets */; };
		83647AEF25132CF50053081C /* LaunchScreen.storyboard in Resources */ = {isa = PBXBuildFile; fileRef = 83647AED25132CF50053081C /* LaunchScreen.storyboard */; };
		83647AFA25132CF50053081C /* D_M_K_G_Dissanayake_COBSCCOMP191P_007Tests.swift in Sources */ = {isa = PBXBuildFile; fileRef = 83647AF925132CF50053081C /* D_M_K_G_Dissanayake_COBSCCOMP191P_007Tests.swift */; };
		83647B0525132CF50053081C /* D_M_K_G_Dissanayake_COBSCCOMP191P_007UITests.swift in Sources */ = {isa = PBXBuildFile; fileRef = 83647B0425132CF50053081C /* D_M_K_G_Dissanayake_COBSCCOMP191P_007UITests.swift */; };
		836C73FE2514E88C006C8A95 /* HomeViewController.swift in Sources */ = {isa = PBXBuildFile; fileRef = 836C73FD2514E88C006C8A95 /* HomeViewController.swift */; };
		836C74002514E8A8006C8A95 /* LoginViewController.swift in Sources */ = {isa = PBXBuildFile; fileRef = 836C73FF2514E8A8006C8A95 /* LoginViewController.swift */; };
		836C74022514E8C5006C8A95 /* SettingsViewController.swift in Sources */ = {isa = PBXBuildFile; fileRef = 836C74012514E8C5006C8A95 /* SettingsViewController.swift */; };
		836C74042514F44F006C8A95 /* RegisterViewController.swift in Sources */ = {isa = PBXBuildFile; fileRef = 836C74032514F44F006C8A95 /* RegisterViewController.swift */; };
		836C74062514F637006C8A95 /* SignInViewController.swift in Sources */ = {isa = PBXBuildFile; fileRef = 836C74052514F637006C8A95 /* SignInViewController.swift */; };
		836C74082514FAA5006C8A95 /* GoogleService-Info.plist in Resources */ = {isa = PBXBuildFile; fileRef = 836C74072514FAA5006C8A95 /* GoogleService-Info.plist */; };
		83A254372513899C00C152AC /* CustomButton.swift in Sources */ = {isa = PBXBuildFile; fileRef = 83A254362513899C00C152AC /* CustomButton.swift */; };
		83A2543925138DBF00C152AC /* CustomView.swift in Sources */ = {isa = PBXBuildFile; fileRef = 83A2543825138DBF00C152AC /* CustomView.swift */; };
		83E1F90D2515031600CB4E74 /* TemparatureViewController.swift in Sources */ = {isa = PBXBuildFile; fileRef = 83E1F90C2515031600CB4E74 /* TemparatureViewController.swift */; };
/* End PBXBuildFile section */

/* Begin PBXContainerItemProxy section */
		83647AF625132CF50053081C /* PBXContainerItemProxy */ = {
			isa = PBXContainerItemProxy;
			containerPortal = 83647AD425132CF30053081C /* Project object */;
			proxyType = 1;
			remoteGlobalIDString = 83647ADB25132CF30053081C;
			remoteInfo = "D.M.K.G.Dissanayake-COBSCCOMP191P-007";
		};
		83647B0125132CF50053081C /* PBXContainerItemProxy */ = {
			isa = PBXContainerItemProxy;
			containerPortal = 83647AD425132CF30053081C /* Project object */;
			proxyType = 1;
			remoteGlobalIDString = 83647ADB25132CF30053081C;
			remoteInfo = "D.M.K.G.Dissanayake-COBSCCOMP191P-007";
		};
/* End PBXContainerItemProxy section */

/* Begin PBXFileReference section */
		0437B9CE9CD398E48750B01C /* Pods-D.M.K.G.Dissanayake-COBSCCOMP191P-007.debug.xcconfig */ = {isa = PBXFileReference; includeInIndex = 1; lastKnownFileType = text.xcconfig; name = "Pods-D.M.K.G.Dissanayake-COBSCCOMP191P-007.debug.xcconfig"; path = "Target Support Files/Pods-D.M.K.G.Dissanayake-COBSCCOMP191P-007/Pods-D.M.K.G.Dissanayake-COBSCCOMP191P-007.debug.xcconfig"; sourceTree = "<group>"; };
		06FE69445BB1E9F500EDCB09 /* Pods_D_M_K_G_Dissanayake_COBSCCOMP191P_007.framework */ = {isa = PBXFileReference; explicitFileType = wrapper.framework; includeInIndex = 0; path = Pods_D_M_K_G_Dissanayake_COBSCCOMP191P_007.framework; sourceTree = BUILT_PRODUCTS_DIR; };
		2E749C2470422D541BBA260B /* Pods-D.M.K.G.Dissanayake-COBSCCOMP191P-007.release.xcconfig */ = {isa = PBXFileReference; includeInIndex = 1; lastKnownFileType = text.xcconfig; name = "Pods-D.M.K.G.Dissanayake-COBSCCOMP191P-007.release.xcconfig"; path = "Target Support Files/Pods-D.M.K.G.Dissanayake-COBSCCOMP191P-007/Pods-D.M.K.G.Dissanayake-COBSCCOMP191P-007.release.xcconfig"; sourceTree = "<group>"; };
		3EA91C5C41613A6984A33AD7 /* Pods-D.M.K.G.Dissanayake-COBSCCOMP191P-007-D.M.K.G.Dissanayake-COBSCCOMP191P-007UITests.release.xcconfig */ = {isa = PBXFileReference; includeInIndex = 1; lastKnownFileType = text.xcconfig; name = "Pods-D.M.K.G.Dissanayake-COBSCCOMP191P-007-D.M.K.G.Dissanayake-COBSCCOMP191P-007UITests.release.xcconfig"; path = "Target Support Files/Pods-D.M.K.G.Dissanayake-COBSCCOMP191P-007-D.M.K.G.Dissanayake-COBSCCOMP191P-007UITests/Pods-D.M.K.G.Dissanayake-COBSCCOMP191P-007-D.M.K.G.Dissanayake-COBSCCOMP191P-007UITests.release.xcconfig"; sourceTree = "<group>"; };
		4337E23E4455951E33767FBE /* Pods_D_M_K_G_Dissanayake_COBSCCOMP191P_007_D_M_K_G_Dissanayake_COBSCCOMP191P_007UITests.framework */ = {isa = PBXFileReference; explicitFileType = wrapper.framework; includeInIndex = 0; path = Pods_D_M_K_G_Dissanayake_COBSCCOMP191P_007_D_M_K_G_Dissanayake_COBSCCOMP191P_007UITests.framework; sourceTree = BUILT_PRODUCTS_DIR; };
		60543E806A0BA12E64E92A03 /* Pods-D.M.K.G.Dissanayake-COBSCCOMP191P-007Tests.debug.xcconfig */ = {isa = PBXFileReference; includeInIndex = 1; lastKnownFileType = text.xcconfig; name = "Pods-D.M.K.G.Dissanayake-COBSCCOMP191P-007Tests.debug.xcconfig"; path = "Target Support Files/Pods-D.M.K.G.Dissanayake-COBSCCOMP191P-007Tests/Pods-D.M.K.G.Dissanayake-COBSCCOMP191P-007Tests.debug.xcconfig"; sourceTree = "<group>"; };
		83647ADC25132CF30053081C /* D.M.K.G.Dissanayake-COBSCCOMP191P-007.app */ = {isa = PBXFileReference; explicitFileType = wrapper.application; includeInIndex = 0; path = "D.M.K.G.Dissanayake-COBSCCOMP191P-007.app"; sourceTree = BUILT_PRODUCTS_DIR; };
		83647ADF25132CF30053081C /* AppDelegate.swift */ = {isa = PBXFileReference; lastKnownFileType = sourcecode.swift; path = AppDelegate.swift; sourceTree = "<group>"; };
		83647AE125132CF30053081C /* SceneDelegate.swift */ = {isa = PBXFileReference; lastKnownFileType = sourcecode.swift; path = SceneDelegate.swift; sourceTree = "<group>"; };
		83647AE325132CF30053081C /* ViewController.swift */ = {isa = PBXFileReference; lastKnownFileType = sourcecode.swift; path = ViewController.swift; sourceTree = "<group>"; };
		83647AE625132CF30053081C /* Base */ = {isa = PBXFileReference; lastKnownFileType = file.storyboard; name = Base; path = Base.lproj/Main.storyboard; sourceTree = "<group>"; };
		83647AE925132CF30053081C /* D_M_K_G_Dissanayake_COBSCCOMP191P_007.xcdatamodel */ = {isa = PBXFileReference; lastKnownFileType = wrapper.xcdatamodel; path = D_M_K_G_Dissanayake_COBSCCOMP191P_007.xcdatamodel; sourceTree = "<group>"; };
		83647AEB25132CF50053081C /* Assets.xcassets */ = {isa = PBXFileReference; lastKnownFileType = folder.assetcatalog; path = Assets.xcassets; sourceTree = "<group>"; };
		83647AEE25132CF50053081C /* Base */ = {isa = PBXFileReference; lastKnownFileType = file.storyboard; name = Base; path = Base.lproj/LaunchScreen.storyboard; sourceTree = "<group>"; };
		83647AF025132CF50053081C /* Info.plist */ = {isa = PBXFileReference; lastKnownFileType = text.plist.xml; path = Info.plist; sourceTree = "<group>"; };
		83647AF525132CF50053081C /* D.M.K.G.Dissanayake-COBSCCOMP191P-007Tests.xctest */ = {isa = PBXFileReference; explicitFileType = wrapper.cfbundle; includeInIndex = 0; path = "D.M.K.G.Dissanayake-COBSCCOMP191P-007Tests.xctest"; sourceTree = BUILT_PRODUCTS_DIR; };
		83647AF925132CF50053081C /* D_M_K_G_Dissanayake_COBSCCOMP191P_007Tests.swift */ = {isa = PBXFileReference; lastKnownFileType = sourcecode.swift; path = D_M_K_G_Dissanayake_COBSCCOMP191P_007Tests.swift; sourceTree = "<group>"; };
		83647AFB25132CF50053081C /* Info.plist */ = {isa = PBXFileReference; lastKnownFileType = text.plist.xml; path = Info.plist; sourceTree = "<group>"; };
		83647B0025132CF50053081C /* D.M.K.G.Dissanayake-COBSCCOMP191P-007UITests.xctest */ = {isa = PBXFileReference; explicitFileType = wrapper.cfbundle; includeInIndex = 0; path = "D.M.K.G.Dissanayake-COBSCCOMP191P-007UITests.xctest"; sourceTree = BUILT_PRODUCTS_DIR; };
		83647B0425132CF50053081C /* D_M_K_G_Dissanayake_COBSCCOMP191P_007UITests.swift */ = {isa = PBXFileReference; lastKnownFileType = sourcecode.swift; path = D_M_K_G_Dissanayake_COBSCCOMP191P_007UITests.swift; sourceTree = "<group>"; };
		83647B0625132CF50053081C /* Info.plist */ = {isa = PBXFileReference; lastKnownFileType = text.plist.xml; path = Info.plist; sourceTree = "<group>"; };
		836C73FD2514E88C006C8A95 /* HomeViewController.swift */ = {isa = PBXFileReference; lastKnownFileType = sourcecode.swift; path = HomeViewController.swift; sourceTree = "<group>"; };
		836C73FF2514E8A8006C8A95 /* LoginViewController.swift */ = {isa = PBXFileReference; lastKnownFileType = sourcecode.swift; path = LoginViewController.swift; sourceTree = "<group>"; };
		836C74012514E8C5006C8A95 /* SettingsViewController.swift */ = {isa = PBXFileReference; lastKnownFileType = sourcecode.swift; path = SettingsViewController.swift; sourceTree = "<group>"; };
		836C74032514F44F006C8A95 /* RegisterViewController.swift */ = {isa = PBXFileReference; lastKnownFileType = sourcecode.swift; path = RegisterViewController.swift; sourceTree = "<group>"; };
		836C74052514F637006C8A95 /* SignInViewController.swift */ = {isa = PBXFileReference; lastKnownFileType = sourcecode.swift; path = SignInViewController.swift; sourceTree = "<group>"; };
		836C74072514FAA5006C8A95 /* GoogleService-Info.plist */ = {isa = PBXFileReference; fileEncoding = 4; lastKnownFileType = text.plist.xml; path = "GoogleService-Info.plist"; sourceTree = "<group>"; };
		83A254362513899C00C152AC /* CustomButton.swift */ = {isa = PBXFileReference; lastKnownFileType = sourcecode.swift; path = CustomButton.swift; sourceTree = "<group>"; };
		83A2543825138DBF00C152AC /* CustomView.swift */ = {isa = PBXFileReference; lastKnownFileType = sourcecode.swift; path = CustomView.swift; sourceTree = "<group>"; };
		83E1F90C2515031600CB4E74 /* TemparatureViewController.swift */ = {isa = PBXFileReference; lastKnownFileType = sourcecode.swift; path = TemparatureViewController.swift; sourceTree = "<group>"; };
		B80F86810C2435E3F4F07E42 /* Pods-D.M.K.G.Dissanayake-COBSCCOMP191P-007-D.M.K.G.Dissanayake-COBSCCOMP191P-007UITests.debug.xcconfig */ = {isa = PBXFileReference; includeInIndex = 1; lastKnownFileType = text.xcconfig; name = "Pods-D.M.K.G.Dissanayake-COBSCCOMP191P-007-D.M.K.G.Dissanayake-COBSCCOMP191P-007UITests.debug.xcconfig"; path = "Target Support Files/Pods-D.M.K.G.Dissanayake-COBSCCOMP191P-007-D.M.K.G.Dissanayake-COBSCCOMP191P-007UITests/Pods-D.M.K.G.Dissanayake-COBSCCOMP191P-007-D.M.K.G.Dissanayake-COBSCCOMP191P-007UITests.debug.xcconfig"; sourceTree = "<group>"; };
		C5D501491315B302D2EFE6D1 /* Pods-D.M.K.G.Dissanayake-COBSCCOMP191P-007Tests.release.xcconfig */ = {isa = PBXFileReference; includeInIndex = 1; lastKnownFileType = text.xcconfig; name = "Pods-D.M.K.G.Dissanayake-COBSCCOMP191P-007Tests.release.xcconfig"; path = "Target Support Files/Pods-D.M.K.G.Dissanayake-COBSCCOMP191P-007Tests/Pods-D.M.K.G.Dissanayake-COBSCCOMP191P-007Tests.release.xcconfig"; sourceTree = "<group>"; };
		E4FEF93F1F596D719D22402B /* Pods_D_M_K_G_Dissanayake_COBSCCOMP191P_007Tests.framework */ = {isa = PBXFileReference; explicitFileType = wrapper.framework; includeInIndex = 0; path = Pods_D_M_K_G_Dissanayake_COBSCCOMP191P_007Tests.framework; sourceTree = BUILT_PRODUCTS_DIR; };
/* End PBXFileReference section */

/* Begin PBXFrameworksBuildPhase section */
		83647AD925132CF30053081C /* Frameworks */ = {
			isa = PBXFrameworksBuildPhase;
			buildActionMask = 2147483647;
			files = (
				40442DE30A13387698045BA1 /* Pods_D_M_K_G_Dissanayake_COBSCCOMP191P_007.framework in Frameworks */,
			);
			runOnlyForDeploymentPostprocessing = 0;
		};
		83647AF225132CF50053081C /* Frameworks */ = {
			isa = PBXFrameworksBuildPhase;
			buildActionMask = 2147483647;
			files = (
				831A22C0D24D349F1AB6BF30 /* Pods_D_M_K_G_Dissanayake_COBSCCOMP191P_007Tests.framework in Frameworks */,
			);
			runOnlyForDeploymentPostprocessing = 0;
		};
		83647AFD25132CF50053081C /* Frameworks */ = {
			isa = PBXFrameworksBuildPhase;
			buildActionMask = 2147483647;
			files = (
				1EF913546C897936ED2DA3F0 /* Pods_D_M_K_G_Dissanayake_COBSCCOMP191P_007_D_M_K_G_Dissanayake_COBSCCOMP191P_007UITests.framework in Frameworks */,
			);
			runOnlyForDeploymentPostprocessing = 0;
		};
/* End PBXFrameworksBuildPhase section */

/* Begin PBXGroup section */
		3860B1A83A9901E46544CC86 /* Pods */ = {
			isa = PBXGroup;
			children = (
				0437B9CE9CD398E48750B01C /* Pods-D.M.K.G.Dissanayake-COBSCCOMP191P-007.debug.xcconfig */,
				2E749C2470422D541BBA260B /* Pods-D.M.K.G.Dissanayake-COBSCCOMP191P-007.release.xcconfig */,
				B80F86810C2435E3F4F07E42 /* Pods-D.M.K.G.Dissanayake-COBSCCOMP191P-007-D.M.K.G.Dissanayake-COBSCCOMP191P-007UITests.debug.xcconfig */,
				3EA91C5C41613A6984A33AD7 /* Pods-D.M.K.G.Dissanayake-COBSCCOMP191P-007-D.M.K.G.Dissanayake-COBSCCOMP191P-007UITests.release.xcconfig */,
				60543E806A0BA12E64E92A03 /* Pods-D.M.K.G.Dissanayake-COBSCCOMP191P-007Tests.debug.xcconfig */,
				C5D501491315B302D2EFE6D1 /* Pods-D.M.K.G.Dissanayake-COBSCCOMP191P-007Tests.release.xcconfig */,
			);
			path = Pods;
			sourceTree = "<group>";
		};
		83647AD325132CF30053081C = {
			isa = PBXGroup;
			children = (
				83647ADE25132CF30053081C /* D.M.K.G.Dissanayake-COBSCCOMP191P-007 */,
				83647AF825132CF50053081C /* D.M.K.G.Dissanayake-COBSCCOMP191P-007Tests */,
				83647B0325132CF50053081C /* D.M.K.G.Dissanayake-COBSCCOMP191P-007UITests */,
				83647ADD25132CF30053081C /* Products */,
				3860B1A83A9901E46544CC86 /* Pods */,
				8E1657BCCBE54C44CF112CF2 /* Frameworks */,
			);
			sourceTree = "<group>";
		};
		83647ADD25132CF30053081C /* Products */ = {
			isa = PBXGroup;
			children = (
				83647ADC25132CF30053081C /* D.M.K.G.Dissanayake-COBSCCOMP191P-007.app */,
				83647AF525132CF50053081C /* D.M.K.G.Dissanayake-COBSCCOMP191P-007Tests.xctest */,
				83647B0025132CF50053081C /* D.M.K.G.Dissanayake-COBSCCOMP191P-007UITests.xctest */,
			);
			name = Products;
			sourceTree = "<group>";
		};
		83647ADE25132CF30053081C /* D.M.K.G.Dissanayake-COBSCCOMP191P-007 */ = {
			isa = PBXGroup;
			children = (
				83647ADF25132CF30053081C /* AppDelegate.swift */,
				83647AE125132CF30053081C /* SceneDelegate.swift */,
				83647B1225132D810053081C /* Controllers */,
				83647B1325132DC60053081C /* Views */,
				83647AEB25132CF50053081C /* Assets.xcassets */,
				83647AED25132CF50053081C /* LaunchScreen.storyboard */,
				83647AF025132CF50053081C /* Info.plist */,
				836C74072514FAA5006C8A95 /* GoogleService-Info.plist */,
				83647AE825132CF30053081C /* D_M_K_G_Dissanayake_COBSCCOMP191P_007.xcdatamodeld */,
			);
			path = "D.M.K.G.Dissanayake-COBSCCOMP191P-007";
			sourceTree = "<group>";
		};
		83647AF825132CF50053081C /* D.M.K.G.Dissanayake-COBSCCOMP191P-007Tests */ = {
			isa = PBXGroup;
			children = (
				83647AF925132CF50053081C /* D_M_K_G_Dissanayake_COBSCCOMP191P_007Tests.swift */,
				83647AFB25132CF50053081C /* Info.plist */,
			);
			path = "D.M.K.G.Dissanayake-COBSCCOMP191P-007Tests";
			sourceTree = "<group>";
		};
		83647B0325132CF50053081C /* D.M.K.G.Dissanayake-COBSCCOMP191P-007UITests */ = {
			isa = PBXGroup;
			children = (
				83647B0425132CF50053081C /* D_M_K_G_Dissanayake_COBSCCOMP191P_007UITests.swift */,
				83647B0625132CF50053081C /* Info.plist */,
			);
			path = "D.M.K.G.Dissanayake-COBSCCOMP191P-007UITests";
			sourceTree = "<group>";
		};
		83647B1225132D810053081C /* Controllers */ = {
			isa = PBXGroup;
			children = (
				83647AE325132CF30053081C /* ViewController.swift */,
				836C73FD2514E88C006C8A95 /* HomeViewController.swift */,
				836C73FF2514E8A8006C8A95 /* LoginViewController.swift */,
				836C74012514E8C5006C8A95 /* SettingsViewController.swift */,
				836C74032514F44F006C8A95 /* RegisterViewController.swift */,
				836C74052514F637006C8A95 /* SignInViewController.swift */,
				83E1F90C2515031600CB4E74 /* TemparatureViewController.swift */,
			);
			path = Controllers;
			sourceTree = "<group>";
		};
		83647B1325132DC60053081C /* Views */ = {
			isa = PBXGroup;
			children = (
				83A254352513896700C152AC /* Utils */,
				83647AE525132CF30053081C /* Main.storyboard */,
			);
			path = Views;
			sourceTree = "<group>";
		};
		83A254352513896700C152AC /* Utils */ = {
			isa = PBXGroup;
			children = (
				83A254362513899C00C152AC /* CustomButton.swift */,
				83A2543825138DBF00C152AC /* CustomView.swift */,
			);
			path = Utils;
			sourceTree = "<group>";
		};
		8E1657BCCBE54C44CF112CF2 /* Frameworks */ = {
			isa = PBXGroup;
			children = (
				06FE69445BB1E9F500EDCB09 /* Pods_D_M_K_G_Dissanayake_COBSCCOMP191P_007.framework */,
				4337E23E4455951E33767FBE /* Pods_D_M_K_G_Dissanayake_COBSCCOMP191P_007_D_M_K_G_Dissanayake_COBSCCOMP191P_007UITests.framework */,
				E4FEF93F1F596D719D22402B /* Pods_D_M_K_G_Dissanayake_COBSCCOMP191P_007Tests.framework */,
			);
			name = Frameworks;
			sourceTree = "<group>";
		};
/* End PBXGroup section */

/* Begin PBXNativeTarget section */
		83647ADB25132CF30053081C /* D.M.K.G.Dissanayake-COBSCCOMP191P-007 */ = {
			isa = PBXNativeTarget;
			buildConfigurationList = 83647B0925132CF50053081C /* Build configuration list for PBXNativeTarget "D.M.K.G.Dissanayake-COBSCCOMP191P-007" */;
			buildPhases = (
				A5423CE0CD5803BDD72DA160 /* [CP] Check Pods Manifest.lock */,
				83647AD825132CF30053081C /* Sources */,
				83647AD925132CF30053081C /* Frameworks */,
				83647ADA25132CF30053081C /* Resources */,
				CA7E248D4D90E69EA823E43E /* [CP] Embed Pods Frameworks */,
			);
			buildRules = (
			);
			dependencies = (
			);
			name = "D.M.K.G.Dissanayake-COBSCCOMP191P-007";
			productName = "D.M.K.G.Dissanayake-COBSCCOMP191P-007";
			productReference = 83647ADC25132CF30053081C /* D.M.K.G.Dissanayake-COBSCCOMP191P-007.app */;
			productType = "com.apple.product-type.application";
		};
		83647AF425132CF50053081C /* D.M.K.G.Dissanayake-COBSCCOMP191P-007Tests */ = {
			isa = PBXNativeTarget;
			buildConfigurationList = 83647B0C25132CF50053081C /* Build configuration list for PBXNativeTarget "D.M.K.G.Dissanayake-COBSCCOMP191P-007Tests" */;
			buildPhases = (
				A138EA001EAACA86D7EA1F29 /* [CP] Check Pods Manifest.lock */,
				83647AF125132CF50053081C /* Sources */,
				83647AF225132CF50053081C /* Frameworks */,
				83647AF325132CF50053081C /* Resources */,
			);
			buildRules = (
			);
			dependencies = (
				83647AF725132CF50053081C /* PBXTargetDependency */,
			);
			name = "D.M.K.G.Dissanayake-COBSCCOMP191P-007Tests";
			productName = "D.M.K.G.Dissanayake-COBSCCOMP191P-007Tests";
			productReference = 83647AF525132CF50053081C /* D.M.K.G.Dissanayake-COBSCCOMP191P-007Tests.xctest */;
			productType = "com.apple.product-type.bundle.unit-test";
		};
		83647AFF25132CF50053081C /* D.M.K.G.Dissanayake-COBSCCOMP191P-007UITests */ = {
			isa = PBXNativeTarget;
			buildConfigurationList = 83647B0F25132CF50053081C /* Build configuration list for PBXNativeTarget "D.M.K.G.Dissanayake-COBSCCOMP191P-007UITests" */;
			buildPhases = (
				52ACB52EC14D4C782D09CBE9 /* [CP] Check Pods Manifest.lock */,
				83647AFC25132CF50053081C /* Sources */,
				83647AFD25132CF50053081C /* Frameworks */,
				83647AFE25132CF50053081C /* Resources */,
				82B788E6715090E2631B97BC /* [CP] Embed Pods Frameworks */,
			);
			buildRules = (
			);
			dependencies = (
				83647B0225132CF50053081C /* PBXTargetDependency */,
			);
			name = "D.M.K.G.Dissanayake-COBSCCOMP191P-007UITests";
			productName = "D.M.K.G.Dissanayake-COBSCCOMP191P-007UITests";
			productReference = 83647B0025132CF50053081C /* D.M.K.G.Dissanayake-COBSCCOMP191P-007UITests.xctest */;
			productType = "com.apple.product-type.bundle.ui-testing";
		};
/* End PBXNativeTarget section */

/* Begin PBXProject section */
		83647AD425132CF30053081C /* Project object */ = {
			isa = PBXProject;
			attributes = {
				LastSwiftUpdateCheck = 1160;
				LastUpgradeCheck = 1160;
				ORGANIZATIONNAME = "Kalana Dissanyake";
				TargetAttributes = {
					83647ADB25132CF30053081C = {
						CreatedOnToolsVersion = 11.6;
					};
					83647AF425132CF50053081C = {
						CreatedOnToolsVersion = 11.6;
						TestTargetID = 83647ADB25132CF30053081C;
					};
					83647AFF25132CF50053081C = {
						CreatedOnToolsVersion = 11.6;
						TestTargetID = 83647ADB25132CF30053081C;
					};
				};
			};
			buildConfigurationList = 83647AD725132CF30053081C /* Build configuration list for PBXProject "D.M.K.G.Dissanayake-COBSCCOMP191P-007" */;
			compatibilityVersion = "Xcode 9.3";
			developmentRegion = en;
			hasScannedForEncodings = 0;
			knownRegions = (
				en,
				Base,
			);
			mainGroup = 83647AD325132CF30053081C;
			productRefGroup = 83647ADD25132CF30053081C /* Products */;
			projectDirPath = "";
			projectRoot = "";
			targets = (
				83647ADB25132CF30053081C /* D.M.K.G.Dissanayake-COBSCCOMP191P-007 */,
				83647AF425132CF50053081C /* D.M.K.G.Dissanayake-COBSCCOMP191P-007Tests */,
				83647AFF25132CF50053081C /* D.M.K.G.Dissanayake-COBSCCOMP191P-007UITests */,
			);
		};
/* End PBXProject section */

/* Begin PBXResourcesBuildPhase section */
		83647ADA25132CF30053081C /* Resources */ = {
			isa = PBXResourcesBuildPhase;
			buildActionMask = 2147483647;
			files = (
				83647AEF25132CF50053081C /* LaunchScreen.storyboard in Resources */,
				83647AEC25132CF50053081C /* Assets.xcassets in Resources */,
				836C74082514FAA5006C8A95 /* GoogleService-Info.plist in Resources */,
				83647AE725132CF30053081C /* Main.storyboard in Resources */,
			);
			runOnlyForDeploymentPostprocessing = 0;
		};
		83647AF325132CF50053081C /* Resources */ = {
			isa = PBXResourcesBuildPhase;
			buildActionMask = 2147483647;
			files = (
			);
			runOnlyForDeploymentPostprocessing = 0;
		};
		83647AFE25132CF50053081C /* Resources */ = {
			isa = PBXResourcesBuildPhase;
			buildActionMask = 2147483647;
			files = (
			);
			runOnlyForDeploymentPostprocessing = 0;
		};
/* End PBXResourcesBuildPhase section */

/* Begin PBXShellScriptBuildPhase section */
		52ACB52EC14D4C782D09CBE9 /* [CP] Check Pods Manifest.lock */ = {
			isa = PBXShellScriptBuildPhase;
			buildActionMask = 2147483647;
			files = (
			);
			inputFileListPaths = (
			);
			inputPaths = (
				"${PODS_PODFILE_DIR_PATH}/Podfile.lock",
				"${PODS_ROOT}/Manifest.lock",
			);
			name = "[CP] Check Pods Manifest.lock";
			outputFileListPaths = (
			);
			outputPaths = (
				"$(DERIVED_FILE_DIR)/Pods-D.M.K.G.Dissanayake-COBSCCOMP191P-007-D.M.K.G.Dissanayake-COBSCCOMP191P-007UITests-checkManifestLockResult.txt",
			);
			runOnlyForDeploymentPostprocessing = 0;
			shellPath = /bin/sh;
			shellScript = "diff \"${PODS_PODFILE_DIR_PATH}/Podfile.lock\" \"${PODS_ROOT}/Manifest.lock\" > /dev/null\nif [ $? != 0 ] ; then\n    # print error to STDERR\n    echo \"error: The sandbox is not in sync with the Podfile.lock. Run 'pod install' or update your CocoaPods installation.\" >&2\n    exit 1\nfi\n# This output is used by Xcode 'outputs' to avoid re-running this script phase.\necho \"SUCCESS\" > \"${SCRIPT_OUTPUT_FILE_0}\"\n";
			showEnvVarsInLog = 0;
		};
		82B788E6715090E2631B97BC /* [CP] Embed Pods Frameworks */ = {
			isa = PBXShellScriptBuildPhase;
			buildActionMask = 2147483647;
			files = (
			);
			inputFileListPaths = (
				"${PODS_ROOT}/Target Support Files/Pods-D.M.K.G.Dissanayake-COBSCCOMP191P-007-D.M.K.G.Dissanayake-COBSCCOMP191P-007UITests/Pods-D.M.K.G.Dissanayake-COBSCCOMP191P-007-D.M.K.G.Dissanayake-COBSCCOMP191P-007UITests-frameworks-${CONFIGURATION}-input-files.xcfilelist",
			);
			name = "[CP] Embed Pods Frameworks";
			outputFileListPaths = (
				"${PODS_ROOT}/Target Support Files/Pods-D.M.K.G.Dissanayake-COBSCCOMP191P-007-D.M.K.G.Dissanayake-COBSCCOMP191P-007UITests/Pods-D.M.K.G.Dissanayake-COBSCCOMP191P-007-D.M.K.G.Dissanayake-COBSCCOMP191P-007UITests-frameworks-${CONFIGURATION}-output-files.xcfilelist",
			);
			runOnlyForDeploymentPostprocessing = 0;
			shellPath = /bin/sh;
			shellScript = "\"${PODS_ROOT}/Target Support Files/Pods-D.M.K.G.Dissanayake-COBSCCOMP191P-007-D.M.K.G.Dissanayake-COBSCCOMP191P-007UITests/Pods-D.M.K.G.Dissanayake-COBSCCOMP191P-007-D.M.K.G.Dissanayake-COBSCCOMP191P-007UITests-frameworks.sh\"\n";
			showEnvVarsInLog = 0;
		};
		A138EA001EAACA86D7EA1F29 /* [CP] Check Pods Manifest.lock */ = {
			isa = PBXShellScriptBuildPhase;
			buildActionMask = 2147483647;
			files = (
			);
			inputFileListPaths = (
			);
			inputPaths = (
				"${PODS_PODFILE_DIR_PATH}/Podfile.lock",
				"${PODS_ROOT}/Manifest.lock",
			);
			name = "[CP] Check Pods Manifest.lock";
			outputFileListPaths = (
			);
			outputPaths = (
				"$(DERIVED_FILE_DIR)/Pods-D.M.K.G.Dissanayake-COBSCCOMP191P-007Tests-checkManifestLockResult.txt",
			);
			runOnlyForDeploymentPostprocessing = 0;
			shellPath = /bin/sh;
			shellScript = "diff \"${PODS_PODFILE_DIR_PATH}/Podfile.lock\" \"${PODS_ROOT}/Manifest.lock\" > /dev/null\nif [ $? != 0 ] ; then\n    # print error to STDERR\n    echo \"error: The sandbox is not in sync with the Podfile.lock. Run 'pod install' or update your CocoaPods installation.\" >&2\n    exit 1\nfi\n# This output is used by Xcode 'outputs' to avoid re-running this script phase.\necho \"SUCCESS\" > \"${SCRIPT_OUTPUT_FILE_0}\"\n";
			showEnvVarsInLog = 0;
		};
		A5423CE0CD5803BDD72DA160 /* [CP] Check Pods Manifest.lock */ = {
			isa = PBXShellScriptBuildPhase;
			buildActionMask = 2147483647;
			files = (
			);
			inputFileListPaths = (
			);
			inputPaths = (
				"${PODS_PODFILE_DIR_PATH}/Podfile.lock",
				"${PODS_ROOT}/Manifest.lock",
			);
			name = "[CP] Check Pods Manifest.lock";
			outputFileListPaths = (
			);
			outputPaths = (
				"$(DERIVED_FILE_DIR)/Pods-D.M.K.G.Dissanayake-COBSCCOMP191P-007-checkManifestLockResult.txt",
			);
			runOnlyForDeploymentPostprocessing = 0;
			shellPath = /bin/sh;
			shellScript = "diff \"${PODS_PODFILE_DIR_PATH}/Podfile.lock\" \"${PODS_ROOT}/Manifest.lock\" > /dev/null\nif [ $? != 0 ] ; then\n    # print error to STDERR\n    echo \"error: The sandbox is not in sync with the Podfile.lock. Run 'pod install' or update your CocoaPods installation.\" >&2\n    exit 1\nfi\n# This output is used by Xcode 'outputs' to avoid re-running this script phase.\necho \"SUCCESS\" > \"${SCRIPT_OUTPUT_FILE_0}\"\n";
			showEnvVarsInLog = 0;
		};
		CA7E248D4D90E69EA823E43E /* [CP] Embed Pods Frameworks */ = {
			isa = PBXShellScriptBuildPhase;
			buildActionMask = 2147483647;
			files = (
			);
			inputFileListPaths = (
				"${PODS_ROOT}/Target Support Files/Pods-D.M.K.G.Dissanayake-COBSCCOMP191P-007/Pods-D.M.K.G.Dissanayake-COBSCCOMP191P-007-frameworks-${CONFIGURATION}-input-files.xcfilelist",
			);
			name = "[CP] Embed Pods Frameworks";
			outputFileListPaths = (
				"${PODS_ROOT}/Target Support Files/Pods-D.M.K.G.Dissanayake-COBSCCOMP191P-007/Pods-D.M.K.G.Dissanayake-COBSCCOMP191P-007-frameworks-${CONFIGURATION}-output-files.xcfilelist",
			);
			runOnlyForDeploymentPostprocessing = 0;
			shellPath = /bin/sh;
			shellScript = "\"${PODS_ROOT}/Target Support Files/Pods-D.M.K.G.Dissanayake-COBSCCOMP191P-007/Pods-D.M.K.G.Dissanayake-COBSCCOMP191P-007-frameworks.sh\"\n";
			showEnvVarsInLog = 0;
		};
/* End PBXShellScriptBuildPhase section */

/* Begin PBXSourcesBuildPhase section */
		83647AD825132CF30053081C /* Sources */ = {
			isa = PBXSourcesBuildPhase;
			buildActionMask = 2147483647;
			files = (
				836C74062514F637006C8A95 /* SignInViewController.swift in Sources */,
				83A254372513899C00C152AC /* CustomButton.swift in Sources */,
				836C74042514F44F006C8A95 /* RegisterViewController.swift in Sources */,
				83E1F90D2515031600CB4E74 /* TemparatureViewController.swift in Sources */,
				83647AE425132CF30053081C /* ViewController.swift in Sources */,
				83647AE025132CF30053081C /* AppDelegate.swift in Sources */,
				83A2543925138DBF00C152AC /* CustomView.swift in Sources */,
				836C74002514E8A8006C8A95 /* LoginViewController.swift in Sources */,
				83647AE225132CF30053081C /* SceneDelegate.swift in Sources */,
				836C73FE2514E88C006C8A95 /* HomeViewController.swift in Sources */,
				83647AEA25132CF30053081C /* D_M_K_G_Dissanayake_COBSCCOMP191P_007.xcdatamodeld in Sources */,
				836C74022514E8C5006C8A95 /* SettingsViewController.swift in Sources */,
			);
			runOnlyForDeploymentPostprocessing = 0;
		};
		83647AF125132CF50053081C /* Sources */ = {
			isa = PBXSourcesBuildPhase;
			buildActionMask = 2147483647;
			files = (
				83647AFA25132CF50053081C /* D_M_K_G_Dissanayake_COBSCCOMP191P_007Tests.swift in Sources */,
			);
			runOnlyForDeploymentPostprocessing = 0;
		};
		83647AFC25132CF50053081C /* Sources */ = {
			isa = PBXSourcesBuildPhase;
			buildActionMask = 2147483647;
			files = (
				83647B0525132CF50053081C /* D_M_K_G_Dissanayake_COBSCCOMP191P_007UITests.swift in Sources */,
			);
			runOnlyForDeploymentPostprocessing = 0;
		};
/* End PBXSourcesBuildPhase section */

/* Begin PBXTargetDependency section */
		83647AF725132CF50053081C /* PBXTargetDependency */ = {
			isa = PBXTargetDependency;
			target = 83647ADB25132CF30053081C /* D.M.K.G.Dissanayake-COBSCCOMP191P-007 */;
			targetProxy = 83647AF625132CF50053081C /* PBXContainerItemProxy */;
		};
		83647B0225132CF50053081C /* PBXTargetDependency */ = {
			isa = PBXTargetDependency;
			target = 83647ADB25132CF30053081C /* D.M.K.G.Dissanayake-COBSCCOMP191P-007 */;
			targetProxy = 83647B0125132CF50053081C /* PBXContainerItemProxy */;
		};
/* End PBXTargetDependency section */

/* Begin PBXVariantGroup section */
		83647AE525132CF30053081C /* Main.storyboard */ = {
			isa = PBXVariantGroup;
			children = (
				83647AE625132CF30053081C /* Base */,
			);
			name = Main.storyboard;
			sourceTree = "<group>";
		};
		83647AED25132CF50053081C /* LaunchScreen.storyboard */ = {
			isa = PBXVariantGroup;
			children = (
				83647AEE25132CF50053081C /* Base */,
			);
			name = LaunchScreen.storyboard;
			sourceTree = "<group>";
		};
/* End PBXVariantGroup section */

/* Begin XCBuildConfiguration section */
		83647B0725132CF50053081C /* Debug */ = {
			isa = XCBuildConfiguration;
			buildSettings = {
				ALWAYS_SEARCH_USER_PATHS = NO;
				CLANG_ANALYZER_NONNULL = YES;
				CLANG_ANALYZER_NUMBER_OBJECT_CONVERSION = YES_AGGRESSIVE;
				CLANG_CXX_LANGUAGE_STANDARD = "gnu++14";
				CLANG_CXX_LIBRARY = "libc++";
				CLANG_ENABLE_MODULES = YES;
				CLANG_ENABLE_OBJC_ARC = YES;
				CLANG_ENABLE_OBJC_WEAK = YES;
				CLANG_WARN_BLOCK_CAPTURE_AUTORELEASING = YES;
				CLANG_WARN_BOOL_CONVERSION = YES;
				CLANG_WARN_COMMA = YES;
				CLANG_WARN_CONSTANT_CONVERSION = YES;
				CLANG_WARN_DEPRECATED_OBJC_IMPLEMENTATIONS = YES;
				CLANG_WARN_DIRECT_OBJC_ISA_USAGE = YES_ERROR;
				CLANG_WARN_DOCUMENTATION_COMMENTS = YES;
				CLANG_WARN_EMPTY_BODY = YES;
				CLANG_WARN_ENUM_CONVERSION = YES;
				CLANG_WARN_INFINITE_RECURSION = YES;
				CLANG_WARN_INT_CONVERSION = YES;
				CLANG_WARN_NON_LITERAL_NULL_CONVERSION = YES;
				CLANG_WARN_OBJC_IMPLICIT_RETAIN_SELF = YES;
				CLANG_WARN_OBJC_LITERAL_CONVERSION = YES;
				CLANG_WARN_OBJC_ROOT_CLASS = YES_ERROR;
				CLANG_WARN_RANGE_LOOP_ANALYSIS = YES;
				CLANG_WARN_STRICT_PROTOTYPES = YES;
				CLANG_WARN_SUSPICIOUS_MOVE = YES;
				CLANG_WARN_UNGUARDED_AVAILABILITY = YES_AGGRESSIVE;
				CLANG_WARN_UNREACHABLE_CODE = YES;
				CLANG_WARN__DUPLICATE_METHOD_MATCH = YES;
				COPY_PHASE_STRIP = NO;
				DEBUG_INFORMATION_FORMAT = dwarf;
				ENABLE_STRICT_OBJC_MSGSEND = YES;
				ENABLE_TESTABILITY = YES;
				GCC_C_LANGUAGE_STANDARD = gnu11;
				GCC_DYNAMIC_NO_PIC = NO;
				GCC_NO_COMMON_BLOCKS = YES;
				GCC_OPTIMIZATION_LEVEL = 0;
				GCC_PREPROCESSOR_DEFINITIONS = (
					"DEBUG=1",
					"$(inherited)",
				);
				GCC_WARN_64_TO_32_BIT_CONVERSION = YES;
				GCC_WARN_ABOUT_RETURN_TYPE = YES_ERROR;
				GCC_WARN_UNDECLARED_SELECTOR = YES;
				GCC_WARN_UNINITIALIZED_AUTOS = YES_AGGRESSIVE;
				GCC_WARN_UNUSED_FUNCTION = YES;
				GCC_WARN_UNUSED_VARIABLE = YES;
				IPHONEOS_DEPLOYMENT_TARGET = 13.6;
				MTL_ENABLE_DEBUG_INFO = INCLUDE_SOURCE;
				MTL_FAST_MATH = YES;
				ONLY_ACTIVE_ARCH = YES;
				SDKROOT = iphoneos;
				SWIFT_ACTIVE_COMPILATION_CONDITIONS = DEBUG;
				SWIFT_OPTIMIZATION_LEVEL = "-Onone";
			};
			name = Debug;
		};
		83647B0825132CF50053081C /* Release */ = {
			isa = XCBuildConfiguration;
			buildSettings = {
				ALWAYS_SEARCH_USER_PATHS = NO;
				CLANG_ANALYZER_NONNULL = YES;
				CLANG_ANALYZER_NUMBER_OBJECT_CONVERSION = YES_AGGRESSIVE;
				CLANG_CXX_LANGUAGE_STANDARD = "gnu++14";
				CLANG_CXX_LIBRARY = "libc++";
				CLANG_ENABLE_MODULES = YES;
				CLANG_ENABLE_OBJC_ARC = YES;
				CLANG_ENABLE_OBJC_WEAK = YES;
				CLANG_WARN_BLOCK_CAPTURE_AUTORELEASING = YES;
				CLANG_WARN_BOOL_CONVERSION = YES;
				CLANG_WARN_COMMA = YES;
				CLANG_WARN_CONSTANT_CONVERSION = YES;
				CLANG_WARN_DEPRECATED_OBJC_IMPLEMENTATIONS = YES;
				CLANG_WARN_DIRECT_OBJC_ISA_USAGE = YES_ERROR;
				CLANG_WARN_DOCUMENTATION_COMMENTS = YES;
				CLANG_WARN_EMPTY_BODY = YES;
				CLANG_WARN_ENUM_CONVERSION = YES;
				CLANG_WARN_INFINITE_RECURSION = YES;
				CLANG_WARN_INT_CONVERSION = YES;
				CLANG_WARN_NON_LITERAL_NULL_CONVERSION = YES;
				CLANG_WARN_OBJC_IMPLICIT_RETAIN_SELF = YES;
				CLANG_WARN_OBJC_LITERAL_CONVERSION = YES;
				CLANG_WARN_OBJC_ROOT_CLASS = YES_ERROR;
				CLANG_WARN_RANGE_LOOP_ANALYSIS = YES;
				CLANG_WARN_STRICT_PROTOTYPES = YES;
				CLANG_WARN_SUSPICIOUS_MOVE = YES;
				CLANG_WARN_UNGUARDED_AVAILABILITY = YES_AGGRESSIVE;
				CLANG_WARN_UNREACHABLE_CODE = YES;
				CLANG_WARN__DUPLICATE_METHOD_MATCH = YES;
				COPY_PHASE_STRIP = NO;
				DEBUG_INFORMATION_FORMAT = "dwarf-with-dsym";
				ENABLE_NS_ASSERTIONS = NO;
				ENABLE_STRICT_OBJC_MSGSEND = YES;
				GCC_C_LANGUAGE_STANDARD = gnu11;
				GCC_NO_COMMON_BLOCKS = YES;
				GCC_WARN_64_TO_32_BIT_CONVERSION = YES;
				GCC_WARN_ABOUT_RETURN_TYPE = YES_ERROR;
				GCC_WARN_UNDECLARED_SELECTOR = YES;
				GCC_WARN_UNINITIALIZED_AUTOS = YES_AGGRESSIVE;
				GCC_WARN_UNUSED_FUNCTION = YES;
				GCC_WARN_UNUSED_VARIABLE = YES;
				IPHONEOS_DEPLOYMENT_TARGET = 13.6;
				MTL_ENABLE_DEBUG_INFO = NO;
				MTL_FAST_MATH = YES;
				SDKROOT = iphoneos;
				SWIFT_COMPILATION_MODE = wholemodule;
				SWIFT_OPTIMIZATION_LEVEL = "-O";
				VALIDATE_PRODUCT = YES;
			};
			name = Release;
		};
		83647B0A25132CF50053081C /* Debug */ = {
			isa = XCBuildConfiguration;
			baseConfigurationReference = 0437B9CE9CD398E48750B01C /* Pods-D.M.K.G.Dissanayake-COBSCCOMP191P-007.debug.xcconfig */;
			buildSettings = {
				ASSETCATALOG_COMPILER_APPICON_NAME = AppIcon;
				CODE_SIGN_STYLE = Automatic;
				INFOPLIST_FILE = "D.M.K.G.Dissanayake-COBSCCOMP191P-007/Info.plist";
				LD_RUNPATH_SEARCH_PATHS = (
					"$(inherited)",
					"@executable_path/Frameworks",
				);
				PRODUCT_BUNDLE_IDENTIFIER = "KalanaGD.D-M-K-G-Dissanayake-COBSCCOMP191P-007";
				PRODUCT_NAME = "$(TARGET_NAME)";
				SWIFT_VERSION = 5.0;
				TARGETED_DEVICE_FAMILY = "1,2";
			};
			name = Debug;
		};
		83647B0B25132CF50053081C /* Release */ = {
			isa = XCBuildConfiguration;
			baseConfigurationReference = 2E749C2470422D541BBA260B /* Pods-D.M.K.G.Dissanayake-COBSCCOMP191P-007.release.xcconfig */;
			buildSettings = {
				ASSETCATALOG_COMPILER_APPICON_NAME = AppIcon;
				CODE_SIGN_STYLE = Automatic;
				INFOPLIST_FILE = "D.M.K.G.Dissanayake-COBSCCOMP191P-007/Info.plist";
				LD_RUNPATH_SEARCH_PATHS = (
					"$(inherited)",
					"@executable_path/Frameworks",
				);
				PRODUCT_BUNDLE_IDENTIFIER = "KalanaGD.D-M-K-G-Dissanayake-COBSCCOMP191P-007";
				PRODUCT_NAME = "$(TARGET_NAME)";
				SWIFT_VERSION = 5.0;
				TARGETED_DEVICE_FAMILY = "1,2";
			};
			name = Release;
		};
		83647B0D25132CF50053081C /* Debug */ = {
			isa = XCBuildConfiguration;
			baseConfigurationReference = 60543E806A0BA12E64E92A03 /* Pods-D.M.K.G.Dissanayake-COBSCCOMP191P-007Tests.debug.xcconfig */;
			buildSettings = {
				ALWAYS_EMBED_SWIFT_STANDARD_LIBRARIES = YES;
				BUNDLE_LOADER = "$(TEST_HOST)";
				CODE_SIGN_STYLE = Automatic;
				INFOPLIST_FILE = "D.M.K.G.Dissanayake-COBSCCOMP191P-007Tests/Info.plist";
				IPHONEOS_DEPLOYMENT_TARGET = 13.6;
				LD_RUNPATH_SEARCH_PATHS = (
					"$(inherited)",
					"@executable_path/Frameworks",
					"@loader_path/Frameworks",
				);
				PRODUCT_BUNDLE_IDENTIFIER = "KalanaGD.D-M-K-G-Dissanayake-COBSCCOMP191P-007Tests";
				PRODUCT_NAME = "$(TARGET_NAME)";
				SWIFT_VERSION = 5.0;
				TARGETED_DEVICE_FAMILY = "1,2";
				TEST_HOST = "$(BUILT_PRODUCTS_DIR)/D.M.K.G.Dissanayake-COBSCCOMP191P-007.app/D.M.K.G.Dissanayake-COBSCCOMP191P-007";
			};
			name = Debug;
		};
		83647B0E25132CF50053081C /* Release */ = {
			isa = XCBuildConfiguration;
			baseConfigurationReference = C5D501491315B302D2EFE6D1 /* Pods-D.M.K.G.Dissanayake-COBSCCOMP191P-007Tests.release.xcconfig */;
			buildSettings = {
				ALWAYS_EMBED_SWIFT_STANDARD_LIBRARIES = YES;
				BUNDLE_LOADER = "$(TEST_HOST)";
				CODE_SIGN_STYLE = Automatic;
				INFOPLIST_FILE = "D.M.K.G.Dissanayake-COBSCCOMP191P-007Tests/Info.plist";
				IPHONEOS_DEPLOYMENT_TARGET = 13.6;
				LD_RUNPATH_SEARCH_PATHS = (
					"$(inherited)",
					"@executable_path/Frameworks",
					"@loader_path/Frameworks",
				);
				PRODUCT_BUNDLE_IDENTIFIER = "KalanaGD.D-M-K-G-Dissanayake-COBSCCOMP191P-007Tests";
				PRODUCT_NAME = "$(TARGET_NAME)";
				SWIFT_VERSION = 5.0;
				TARGETED_DEVICE_FAMILY = "1,2";
				TEST_HOST = "$(BUILT_PRODUCTS_DIR)/D.M.K.G.Dissanayake-COBSCCOMP191P-007.app/D.M.K.G.Dissanayake-COBSCCOMP191P-007";
			};
			name = Release;
		};
		83647B1025132CF50053081C /* Debug */ = {
			isa = XCBuildConfiguration;
			baseConfigurationReference = B80F86810C2435E3F4F07E42 /* Pods-D.M.K.G.Dissanayake-COBSCCOMP191P-007-D.M.K.G.Dissanayake-COBSCCOMP191P-007UITests.debug.xcconfig */;
			buildSettings = {
				ALWAYS_EMBED_SWIFT_STANDARD_LIBRARIES = YES;
				CODE_SIGN_STYLE = Automatic;
				INFOPLIST_FILE = "D.M.K.G.Dissanayake-COBSCCOMP191P-007UITests/Info.plist";
				LD_RUNPATH_SEARCH_PATHS = (
					"$(inherited)",
					"@executable_path/Frameworks",
					"@loader_path/Frameworks",
				);
				PRODUCT_BUNDLE_IDENTIFIER = "KalanaGD.D-M-K-G-Dissanayake-COBSCCOMP191P-007UITests";
				PRODUCT_NAME = "$(TARGET_NAME)";
				SWIFT_VERSION = 5.0;
				TARGETED_DEVICE_FAMILY = "1,2";
				TEST_TARGET_NAME = "D.M.K.G.Dissanayake-COBSCCOMP191P-007";
			};
			name = Debug;
		};
		83647B1125132CF50053081C /* Release */ = {
			isa = XCBuildConfiguration;
			baseConfigurationReference = 3EA91C5C41613A6984A33AD7 /* Pods-D.M.K.G.Dissanayake-COBSCCOMP191P-007-D.M.K.G.Dissanayake-COBSCCOMP191P-007UITests.release.xcconfig */;
			buildSettings = {
				ALWAYS_EMBED_SWIFT_STANDARD_LIBRARIES = YES;
				CODE_SIGN_STYLE = Automatic;
				INFOPLIST_FILE = "D.M.K.G.Dissanayake-COBSCCOMP191P-007UITests/Info.plist";
				LD_RUNPATH_SEARCH_PATHS = (
					"$(inherited)",
					"@executable_path/Frameworks",
					"@loader_path/Frameworks",
				);
				PRODUCT_BUNDLE_IDENTIFIER = "KalanaGD.D-M-K-G-Dissanayake-COBSCCOMP191P-007UITests";
				PRODUCT_NAME = "$(TARGET_NAME)";
				SWIFT_VERSION = 5.0;
				TARGETED_DEVICE_FAMILY = "1,2";
				TEST_TARGET_NAME = "D.M.K.G.Dissanayake-COBSCCOMP191P-007";
			};
			name = Release;
		};
/* End XCBuildConfiguration section */

/* Begin XCConfigurationList section */
		83647AD725132CF30053081C /* Build configuration list for PBXProject "D.M.K.G.Dissanayake-COBSCCOMP191P-007" */ = {
			isa = XCConfigurationList;
			buildConfigurations = (
				83647B0725132CF50053081C /* Debug */,
				83647B0825132CF50053081C /* Release */,
			);
			defaultConfigurationIsVisible = 0;
			defaultConfigurationName = Release;
		};
		83647B0925132CF50053081C /* Build configuration list for PBXNativeTarget "D.M.K.G.Dissanayake-COBSCCOMP191P-007" */ = {
			isa = XCConfigurationList;
			buildConfigurations = (
				83647B0A25132CF50053081C /* Debug */,
				83647B0B25132CF50053081C /* Release */,
			);
			defaultConfigurationIsVisible = 0;
			defaultConfigurationName = Release;
		};
		83647B0C25132CF50053081C /* Build configuration list for PBXNativeTarget "D.M.K.G.Dissanayake-COBSCCOMP191P-007Tests" */ = {
			isa = XCConfigurationList;
			buildConfigurations = (
				83647B0D25132CF50053081C /* Debug */,
				83647B0E25132CF50053081C /* Release */,
			);
			defaultConfigurationIsVisible = 0;
			defaultConfigurationName = Release;
		};
		83647B0F25132CF50053081C /* Build configuration list for PBXNativeTarget "D.M.K.G.Dissanayake-COBSCCOMP191P-007UITests" */ = {
			isa = XCConfigurationList;
			buildConfigurations = (
				83647B1025132CF50053081C /* Debug */,
				83647B1125132CF50053081C /* Release */,
			);
			defaultConfigurationIsVisible = 0;
			defaultConfigurationName = Release;
		};
/* End XCConfigurationList section */

/* Begin XCVersionGroup section */
		83647AE825132CF30053081C /* D_M_K_G_Dissanayake_COBSCCOMP191P_007.xcdatamodeld */ = {
			isa = XCVersionGroup;
			children = (
				83647AE925132CF30053081C /* D_M_K_G_Dissanayake_COBSCCOMP191P_007.xcdatamodel */,
			);
			currentVersion = 83647AE925132CF30053081C /* D_M_K_G_Dissanayake_COBSCCOMP191P_007.xcdatamodel */;
			path = D_M_K_G_Dissanayake_COBSCCOMP191P_007.xcdatamodeld;
			sourceTree = "<group>";
			versionGroupType = wrapper.xcdatamodel;
		};
/* End XCVersionGroup section */
	};
	rootObject = 83647AD425132CF30053081C /* Project object */;
}
